
Microsoft Visual Studio Solution File, Format Version 12.00
# Visual Studio Version 17
VisualStudioVersion = 17.11.35303.130
MinimumVisualStudioVersion = 10.0.40219.1
Project("{FAE04EC0-301F-11D3-BF4B-00C04F79EFBC}") = "MusicManager", "MusicManager.csproj", "{3A609650-76AE-4F73-B742-45B63C5BF757}"
EndProject
Global
	GlobalSection(SolutionConfigurationPlatforms) = preSolution
		Debug|Any CPU = Debug|Any CPU
		Release|Any CPU = Release|Any CPU
	EndGlobalSection
	GlobalSection(ProjectConfigurationPlatforms) = postSolution
		{3A609650-76AE-4F73-B742-45B63C5BF757}.Debug|Any CPU.ActiveCfg = Debug|Any CPU
		{3A609650-76AE-4F73-B742-45B63C5BF757}.Debug|Any CPU.Build.0 = Debug|Any CPU
		{3A609650-76AE-4F73-B742-45B63C5BF757}.Release|Any CPU.ActiveCfg = Release|Any CPU
		{3A609650-76AE-4F73-B742-45B63C5BF757}.Release|Any CPU.Build.0 = Release|Any CPU
	EndGlobalSection
	GlobalSection(SolutionProperties) = preSolution
		HideSolutionNode = FALSE
	EndGlobalSection
	GlobalSection(ExtensibilityGlobals) = postSolution
		SolutionGuid = {36E5743E-7DA8-4F7B-BA79-40055FFAB198}
	EndGlobalSection
EndGlobal
